// !$*UTF8*$!
{
	archiveVersion = 1;
	classes = {
	};
	objectVersion = 55;
	objects = {

/* Begin PBXBuildFile section */
		55E67F1E28A525E8001AA594 /* AppDelegate.swift in Sources */ = {isa = PBXBuildFile; fileRef = 55E67F1D28A525E8001AA594 /* AppDelegate.swift */; };
		55E67F2028A525E8001AA594 /* SceneDelegate.swift in Sources */ = {isa = PBXBuildFile; fileRef = 55E67F1F28A525E8001AA594 /* SceneDelegate.swift */; };
		55E67F2228A525E8001AA594 /* ViewController.swift in Sources */ = {isa = PBXBuildFile; fileRef = 55E67F2128A525E8001AA594 /* ViewController.swift */; };
		55E67F2528A525E8001AA594 /* Main.storyboard in Resources */ = {isa = PBXBuildFile; fileRef = 55E67F2328A525E8001AA594 /* Main.storyboard */; };
		55E67F2828A525E8001AA594 /* CoreData_ToDo_List_App.xcdatamodeld in Sources */ = {isa = PBXBuildFile; fileRef = 55E67F2628A525E8001AA594 /* CoreData_ToDo_List_App.xcdatamodeld */; };
		55E67F2A28A525E8001AA594 /* Assets.xcassets in Resources */ = {isa = PBXBuildFile; fileRef = 55E67F2928A525E8001AA594 /* Assets.xcassets */; };
		55E67F2D28A525E8001AA594 /* LaunchScreen.storyboard in Resources */ = {isa = PBXBuildFile; fileRef = 55E67F2B28A525E8001AA594 /* LaunchScreen.storyboard */; };
		55E67F3628A52708001AA594 /* ToDoListItem+CoreDataClass.swift in Sources */ = {isa = PBXBuildFile; fileRef = 55E67F3428A52708001AA594 /* ToDoListItem+CoreDataClass.swift */; };
		55E67F3728A52708001AA594 /* ToDoListItem+CoreDataProperties.swift in Sources */ = {isa = PBXBuildFile; fileRef = 55E67F3528A52708001AA594 /* ToDoListItem+CoreDataProperties.swift */; };
/* End PBXBuildFile section */

/* Begin PBXFileReference section */
		55E67F1A28A525E8001AA594 /* CoreData ToDo List App.app */ = {isa = PBXFileReference; explicitFileType = wrapper.application; includeInIndex = 0; path = "CoreData ToDo List App.app"; sourceTree = BUILT_PRODUCTS_DIR; };
		55E67F1D28A525E8001AA594 /* AppDelegate.swift */ = {isa = PBXFileReference; lastKnownFileType = sourcecode.swift; path = AppDelegate.swift; sourceTree = "<group>"; };
		55E67F1F28A525E8001AA594 /* SceneDelegate.swift */ = {isa = PBXFileReference; lastKnownFileType = sourcecode.swift; path = SceneDelegate.swift; sourceTree = "<group>"; };
		55E67F2128A525E8001AA594 /* ViewController.swift */ = {isa = PBXFileReference; lastKnownFileType = sourcecode.swift; path = ViewController.swift; sourceTree = "<group>"; };
		55E67F2428A525E8001AA594 /* Base */ = {isa = PBXFileReference; lastKnownFileType = file.storyboard; name = Base; path = Base.lproj/Main.storyboard; sourceTree = "<group>"; };
		55E67F2728A525E8001AA594 /* CoreData_ToDo_List_App.xcdatamodel */ = {isa = PBXFileReference; lastKnownFileType = wrapper.xcdatamodel; path = CoreData_ToDo_List_App.xcdatamodel; sourceTree = "<group>"; };
		55E67F2928A525E8001AA594 /* Assets.xcassets */ = {isa = PBXFileReference; lastKnownFileType = folder.assetcatalog; path = Assets.xcassets; sourceTree = "<group>"; };
		55E67F2C28A525E8001AA594 /* Base */ = {isa = PBXFileReference; lastKnownFileType = file.storyboard; name = Base; path = Base.lproj/LaunchScreen.storyboard; sourceTree = "<group>"; };
		55E67F2E28A525E8001AA594 /* Info.plist */ = {isa = PBXFileReference; lastKnownFileType = text.plist.xml; path = Info.plist; sourceTree = "<group>"; };
		55E67F3428A52708001AA594 /* ToDoListItem+CoreDataClass.swift */ = {isa = PBXFileReference; lastKnownFileType = sourcecode.swift; path = "ToDoListItem+CoreDataClass.swift"; sourceTree = "<group>"; };
		55E67F3528A52708001AA594 /* ToDoListItem+CoreDataProperties.swift */ = {isa = PBXFileReference; lastKnownFileType = sourcecode.swift; path = "ToDoListItem+CoreDataProperties.swift"; sourceTree = "<group>"; };
/* End PBXFileReference section */

/* Begin PBXFrameworksBuildPhase section */
		55E67F1728A525E8001AA594 /* Frameworks */ = {
			isa = PBXFrameworksBuildPhase;
			buildActionMask = 2147483647;
			files = (
			);
			runOnlyForDeploymentPostprocessing = 0;
		};
/* End PBXFrameworksBuildPhase section */

/* Begin PBXGroup section */
		55E67F1128A525E8001AA594 = {
			isa = PBXGroup;
			children = (
				55E67F1C28A525E8001AA594 /* CoreData ToDo List App */,
				55E67F1B28A525E8001AA594 /* Products */,
			);
			sourceTree = "<group>";
		};
		55E67F1B28A525E8001AA594 /* Products */ = {
			isa = PBXGroup;
			children = (
				55E67F1A28A525E8001AA594 /* CoreData ToDo List App.app */,
			);
			name = Products;
			sourceTree = "<group>";
		};
		55E67F1C28A525E8001AA594 /* CoreData ToDo List App */ = {
			isa = PBXGroup;
			children = (
				55E67F3828A52719001AA594 /* ToDoListItem */,
				55E67F1D28A525E8001AA594 /* AppDelegate.swift */,
				55E67F1F28A525E8001AA594 /* SceneDelegate.swift */,
				55E67F2128A525E8001AA594 /* ViewController.swift */,
				55E67F2328A525E8001AA594 /* Main.storyboard */,
				55E67F2928A525E8001AA594 /* Assets.xcassets */,
				55E67F2B28A525E8001AA594 /* LaunchScreen.storyboard */,
				55E67F2E28A525E8001AA594 /* Info.plist */,
				55E67F2628A525E8001AA594 /* CoreData_ToDo_List_App.xcdatamodeld */,
			);
			path = "CoreData ToDo List App";
			sourceTree = "<group>";
		};
		55E67F3828A52719001AA594 /* ToDoListItem */ = {
			isa = PBXGroup;
			children = (
				55E67F3428A52708001AA594 /* ToDoListItem+CoreDataClass.swift */,
				55E67F3528A52708001AA594 /* ToDoListItem+CoreDataProperties.swift */,
			);
			path = ToDoListItem;
			sourceTree = "<group>";
		};
/* End PBXGroup section */

/* Begin PBXNativeTarget section */
		55E67F1928A525E8001AA594 /* CoreData ToDo List App */ = {
			isa = PBXNativeTarget;
			buildConfigurationList = 55E67F3128A525E8001AA594 /* Build configuration list for PBXNativeTarget "CoreData ToDo List App" */;
			buildPhases = (
				55E67F1628A525E8001AA594 /* Sources */,
				55E67F1728A525E8001AA594 /* Frameworks */,
				55E67F1828A525E8001AA594 /* Resources */,
			);
			buildRules = (
			);
			dependencies = (
			);
			name = "CoreData ToDo List App";
			productName = "CoreData ToDo List App";
			productReference = 55E67F1A28A525E8001AA594 /* CoreData ToDo List App.app */;
			productType = "com.apple.product-type.application";
		};
/* End PBXNativeTarget section */

/* Begin PBXProject section */
		55E67F1228A525E8001AA594 /* Project object */ = {
			isa = PBXProject;
			attributes = {
				BuildIndependentTargetsInParallel = 1;
				LastSwiftUpdateCheck = 1340;
				LastUpgradeCheck = 1340;
				TargetAttributes = {
					55E67F1928A525E8001AA594 = {
						CreatedOnToolsVersion = 13.4.1;
					};
				};
			};
			buildConfigurationList = 55E67F1528A525E8001AA594 /* Build configuration list for PBXProject "CoreData ToDo List App" */;
			compatibilityVersion = "Xcode 13.0";
			developmentRegion = en;
			hasScannedForEncodings = 0;
			knownRegions = (
				en,
				Base,
			);
			mainGroup = 55E67F1128A525E8001AA594;
			productRefGroup = 55E67F1B28A525E8001AA594 /* Products */;
			projectDirPath = "";
			projectRoot = "";
			targets = (
				55E67F1928A525E8001AA594 /* CoreData ToDo List App */,
			);
		};
/* End PBXProject section */

/* Begin PBXResourcesBuildPhase section */
		55E67F1828A525E8001AA594 /* Resources */ = {
			isa = PBXResourcesBuildPhase;
			buildActionMask = 2147483647;
			files = (
				55E67F2D28A525E8001AA594 /* LaunchScreen.storyboard in Resources */,
				55E67F2A28A525E8001AA594 /* Assets.xcassets in Resources */,
				55E67F2528A525E8001AA594 /* Main.storyboard in Resources */,
			);
			runOnlyForDeploymentPostprocessing = 0;
		};
/* End PBXResourcesBuildPhase section */

/* Begin PBXSourcesBuildPhase section */
		55E67F1628A525E8001AA594 /* Sources */ = {
			isa = PBXSourcesBuildPhase;
			buildActionMask = 2147483647;
			files = (
				55E67F2228A525E8001AA594 /* ViewController.swift in Sources */,
				55E67F1E28A525E8001AA594 /* AppDelegate.swift in Sources */,
				55E67F2828A525E8001AA594 /* CoreData_ToDo_List_App.xcdatamodeld in Sources */,
				55E67F3628A52708001AA594 /* ToDoListItem+CoreDataClass.swift in Sources */,
				55E67F3728A52708001AA594 /* ToDoListItem+CoreDataProperties.swift in Sources */,
				55E67F2028A525E8001AA594 /* SceneDelegate.swift in Sources */,
			);
			runOnlyForDeploymentPostprocessing = 0;
		};
/* End PBXSourcesBuildPhase section */

/* Begin PBXVariantGroup section */
		55E67F2328A525E8001AA594 /* Main.storyboard */ = {
			isa = PBXVariantGroup;
			children = (
				55E67F2428A525E8001AA594 /* Base */,
			);
			name = Main.storyboard;
			sourceTree = "<group>";
		};
		55E67F2B28A525E8001AA594 /* LaunchScreen.storyboard */ = {
			isa = PBXVariantGroup;
			children = (
				55E67F2C28A525E8001AA594 /* Base */,
			);
			name = LaunchScreen.storyboard;
			sourceTree = "<group>";
		};
/* End PBXVariantGroup section */

/* Begin XCBuildConfiguration section */
		55E67F2F28A525E8001AA594 /* Debug */ = {
			isa = XCBuildConfiguration;
			buildSettings = {
				ALWAYS_SEARCH_USER_PATHS = NO;
				CLANG_ANALYZER_NONNULL = YES;
				CLANG_ANALYZER_NUMBER_OBJECT_CONVERSION = YES_AGGRESSIVE;
				CLANG_CXX_LANGUAGE_STANDARD = "gnu++17";
				CLANG_ENABLE_MODULES = YES;
				CLANG_ENABLE_OBJC_ARC = YES;
				CLANG_ENABLE_OBJC_WEAK = YES;
				CLANG_WARN_BLOCK_CAPTURE_AUTORELEASING = YES;
				CLANG_WARN_BOOL_CONVERSION = YES;
				CLANG_WARN_COMMA = YES;
				CLANG_WARN_CONSTANT_CONVERSION = YES;
				CLANG_WARN_DEPRECATED_OBJC_IMPLEMENTATIONS = YES;
				CLANG_WARN_DIRECT_OBJC_ISA_USAGE = YES_ERROR;
				CLANG_WARN_DOCUMENTATION_COMMENTS = YES;
				CLANG_WARN_EMPTY_BODY = YES;
				CLANG_WARN_ENUM_CONVERSION = YES;
				CLANG_WARN_INFINITE_RECURSION = YES;
				CLANG_WARN_INT_CONVERSION = YES;
				CLANG_WARN_NON_LITERAL_NULL_CONVERSION = YES;
				CLANG_WARN_OBJC_IMPLICIT_RETAIN_SELF = YES;
				CLANG_WARN_OBJC_LITERAL_CONVERSION = YES;
				CLANG_WARN_OBJC_ROOT_CLASS = YES_ERROR;
				CLANG_WARN_QUOTED_INCLUDE_IN_FRAMEWORK_HEADER = YES;
				CLANG_WARN_RANGE_LOOP_ANALYSIS = YES;
				CLANG_WARN_STRICT_PROTOTYPES = YES;
				CLANG_WARN_SUSPICIOUS_MOVE = YES;
				CLANG_WARN_UNGUARDED_AVAILABILITY = YES_AGGRESSIVE;
				CLANG_WARN_UNREACHABLE_CODE = YES;
				CLANG_WARN__DUPLICATE_METHOD_MATCH = YES;
				COPY_PHASE_STRIP = NO;
				DEBUG_INFORMATION_FORMAT = dwarf;
				ENABLE_STRICT_OBJC_MSGSEND = YES;
				ENABLE_TESTABILITY = YES;
				GCC_C_LANGUAGE_STANDARD = gnu11;
				GCC_DYNAMIC_NO_PIC = NO;
				GCC_NO_COMMON_BLOCKS = YES;
				GCC_OPTIMIZATION_LEVEL = 0;
				GCC_PREPROCESSOR_DEFINITIONS = (
					"DEBUG=1",
					"$(inherited)",
				);
				GCC_WARN_64_TO_32_BIT_CONVERSION = YES;
				GCC_WARN_ABOUT_RETURN_TYPE = YES_ERROR;
				GCC_WARN_UNDECLARED_SELECTOR = YES;
				GCC_WARN_UNINITIALIZED_AUTOS = YES_AGGRESSIVE;
				GCC_WARN_UNUSED_FUNCTION = YES;
				GCC_WARN_UNUSED_VARIABLE = YES;
				IPHONEOS_DEPLOYMENT_TARGET = 15.5;
				MTL_ENABLE_DEBUG_INFO = INCLUDE_SOURCE;
				MTL_FAST_MATH = YES;
				ONLY_ACTIVE_ARCH = YES;
				SDKROOT = iphoneos;
				SWIFT_ACTIVE_COMPILATION_CONDITIONS = DEBUG;
				SWIFT_OPTIMIZATION_LEVEL = "-Onone";
			};
			name = Debug;
		};
		55E67F3028A525E8001AA594 /* Release */ = {
			isa = XCBuildConfiguration;
			buildSettings = {
				ALWAYS_SEARCH_USER_PATHS = NO;
				CLANG_ANALYZER_NONNULL = YES;
				CLANG_ANALYZER_NUMBER_OBJECT_CONVERSION = YES_AGGRESSIVE;
				CLANG_CXX_LANGUAGE_STANDARD = "gnu++17";
				CLANG_ENABLE_MODULES = YES;
				CLANG_ENABLE_OBJC_ARC = YES;
				CLANG_ENABLE_OBJC_WEAK = YES;
				CLANG_WARN_BLOCK_CAPTURE_AUTORELEASING = YES;
				CLANG_WARN_BOOL_CONVERSION = YES;
				CLANG_WARN_COMMA = YES;
				CLANG_WARN_CONSTANT_CONVERSION = YES;
				CLANG_WARN_DEPRECATED_OBJC_IMPLEMENTATIONS = YES;
				CLANG_WARN_DIRECT_OBJC_ISA_USAGE = YES_ERROR;
				CLANG_WARN_DOCUMENTATION_COMMENTS = YES;
				CLANG_WARN_EMPTY_BODY = YES;
				CLANG_WARN_ENUM_CONVERSION = YES;
				CLANG_WARN_INFINITE_RECURSION = YES;
				CLANG_WARN_INT_CONVERSION = YES;
				CLANG_WARN_NON_LITERAL_NULL_CONVERSION = YES;
				CLANG_WARN_OBJC_IMPLICIT_RETAIN_SELF = YES;
				CLANG_WARN_OBJC_LITERAL_CONVERSION = YES;
				CLANG_WARN_OBJC_ROOT_CLASS = YES_ERROR;
				CLANG_WARN_QUOTED_INCLUDE_IN_FRAMEWORK_HEADER = YES;
				CLANG_WARN_RANGE_LOOP_ANALYSIS = YES;
				CLANG_WARN_STRICT_PROTOTYPES = YES;
				CLANG_WARN_SUSPICIOUS_MOVE = YES;
				CLANG_WARN_UNGUARDED_AVAILABILITY = YES_AGGRESSIVE;
				CLANG_WARN_UNREACHABLE_CODE = YES;
				CLANG_WARN__DUPLICATE_METHOD_MATCH = YES;
				COPY_PHASE_STRIP = NO;
				DEBUG_INFORMATION_FORMAT = "dwarf-with-dsym";
				ENABLE_NS_ASSERTIONS = NO;
				ENABLE_STRICT_OBJC_MSGSEND = YES;
				GCC_C_LANGUAGE_STANDARD = gnu11;
				GCC_NO_COMMON_BLOCKS = YES;
				GCC_WARN_64_TO_32_BIT_CONVERSION = YES;
				GCC_WARN_ABOUT_RETURN_TYPE = YES_ERROR;
				GCC_WARN_UNDECLARED_SELECTOR = YES;
				GCC_WARN_UNINITIALIZED_AUTOS = YES_AGGRESSIVE;
				GCC_WARN_UNUSED_FUNCTION = YES;
				GCC_WARN_UNUSED_VARIABLE = YES;
				IPHONEOS_DEPLOYMENT_TARGET = 15.5;
				MTL_ENABLE_DEBUG_INFO = NO;
				MTL_FAST_MATH = YES;
				SDKROOT = iphoneos;
				SWIFT_COMPILATION_MODE = wholemodule;
				SWIFT_OPTIMIZATION_LEVEL = "-O";
				VALIDATE_PRODUCT = YES;
			};
			name = Release;
		};
		55E67F3228A525E8001AA594 /* Debug */ = {
			isa = XCBuildConfiguration;
			buildSettings = {
				ASSETCATALOG_COMPILER_APPICON_NAME = AppIcon;
				ASSETCATALOG_COMPILER_GLOBAL_ACCENT_COLOR_NAME = AccentColor;
				CODE_SIGN_STYLE = Automatic;
				CURRENT_PROJECT_VERSION = 1;
				DEVELOPMENT_TEAM = G56UY8T9JR;
				GENERATE_INFOPLIST_FILE = YES;
				INFOPLIST_FILE = "CoreData ToDo List App/Info.plist";
				INFOPLIST_KEY_UIApplicationSupportsIndirectInputEvents = YES;
				INFOPLIST_KEY_UILaunchStoryboardName = LaunchScreen;
				INFOPLIST_KEY_UIMainStoryboardFile = Main;
				INFOPLIST_KEY_UISupportedInterfaceOrientations_iPad = "UIInterfaceOrientationPortrait UIInterfaceOrientationPortraitUpsideDown UIInterfaceOrientationLandscapeLeft UIInterfaceOrientationLandscapeRight";
				INFOPLIST_KEY_UISupportedInterfaceOrientations_iPhone = "UIInterfaceOrientationPortrait UIInterfaceOrientationLandscapeLeft UIInterfaceOrientationLandscapeRight";
				LD_RUNPATH_SEARCH_PATHS = (
					"$(inherited)",
					"@executable_path/Frameworks",
				);
				MARKETING_VERSION = 1.0;
				PRODUCT_BUNDLE_IDENTIFIER = "mobdev.CoreData-ToDo-List-App";
				PRODUCT_NAME = "$(TARGET_NAME)";
				SWIFT_EMIT_LOC_STRINGS = YES;
				SWIFT_VERSION = 5.0;
				TARGETED_DEVICE_FAMILY = "1,2";
			};
			name = Debug;
		};
		55E67F3328A525E8001AA594 /* Release */ = {
			isa = XCBuildConfiguration;
			buildSettings = {
				ASSETCATALOG_COMPILER_APPICON_NAME = AppIcon;
				ASSETCATALOG_COMPILER_GLOBAL_ACCENT_COLOR_NAME = AccentColor;
				CODE_SIGN_STYLE = Automatic;
				CURRENT_PROJECT_VERSION = 1;
				DEVELOPMENT_TEAM = G56UY8T9JR;
				GENERATE_INFOPLIST_FILE = YES;
				INFOPLIST_FILE = "CoreData ToDo List App/Info.plist";
				INFOPLIST_KEY_UIApplicationSupportsIndirectInputEvents = YES;
				INFOPLIST_KEY_UILaunchStoryboardName = LaunchScreen;
				INFOPLIST_KEY_UIMainStoryboardFile = Main;
				INFOPLIST_KEY_UISupportedInterfaceOrientations_iPad = "UIInterfaceOrientationPortrait UIInterfaceOrientationPortraitUpsideDown UIInterfaceOrientationLandscapeLeft UIInterfaceOrientationLandscapeRight";
				INFOPLIST_KEY_UISupportedInterfaceOrientations_iPhone = "UIInterfaceOrientationPortrait UIInterfaceOrientationLandscapeLeft UIInterfaceOrientationLandscapeRight";
				LD_RUNPATH_SEARCH_PATHS = (
					"$(inherited)",
					"@executable_path/Frameworks",
				);
				MARKETING_VERSION = 1.0;
				PRODUCT_BUNDLE_IDENTIFIER = "mobdev.CoreData-ToDo-List-App";
				PRODUCT_NAME = "$(TARGET_NAME)";
				SWIFT_EMIT_LOC_STRINGS = YES;
				SWIFT_VERSION = 5.0;
				TARGETED_DEVICE_FAMILY = "1,2";
			};
			name = Release;
		};
/* End XCBuildConfiguration section */

/* Begin XCConfigurationList section */
		55E67F1528A525E8001AA594 /* Build configuration list for PBXProject "CoreData ToDo List App" */ = {
			isa = XCConfigurationList;
			buildConfigurations = (
				55E67F2F28A525E8001AA594 /* Debug */,
				55E67F3028A525E8001AA594 /* Release */,
			);
			defaultConfigurationIsVisible = 0;
			defaultConfigurationName = Release;
		};
		55E67F3128A525E8001AA594 /* Build configuration list for PBXNativeTarget "CoreData ToDo List App" */ = {
			isa = XCConfigurationList;
			buildConfigurations = (
				55E67F3228A525E8001AA594 /* Debug */,
				55E67F3328A525E8001AA594 /* Release */,
			);
			defaultConfigurationIsVisible = 0;
			defaultConfigurationName = Release;
		};
/* End XCConfigurationList section */

/* Begin XCVersionGroup section */
		55E67F2628A525E8001AA594 /* CoreData_ToDo_List_App.xcdatamodeld */ = {
			isa = XCVersionGroup;
			children = (
				55E67F2728A525E8001AA594 /* CoreData_ToDo_List_App.xcdatamodel */,
			);
			currentVersion = 55E67F2728A525E8001AA594 /* CoreData_ToDo_List_App.xcdatamodel */;
			path = CoreData_ToDo_List_App.xcdatamodeld;
			sourceTree = "<group>";
			versionGroupType = wrapper.xcdatamodel;
		};
/* End XCVersionGroup section */
	};
	rootObject = 55E67F1228A525E8001AA594 /* Project object */;
}
